
Microsoft Visual Studio Solution File, Format Version 12.00
# Visual Studio Version 16
VisualStudioVersion = 16.0.30611.23
MinimumVisualStudioVersion = 10.0.40219.1
Project("{FAE04EC0-301F-11D3-BF4B-00C04F79EFBC}") = "Suma si prod a n nr", "Suma si prod a n nr\Suma si prod a n nr.csproj", "{86DB7DB6-3C16-493A-A2B4-ADBEDAD761AF}"
EndProject
Global
	GlobalSection(SolutionConfigurationPlatforms) = preSolution
		Debug|Any CPU = Debug|Any CPU
		Release|Any CPU = Release|Any CPU
	EndGlobalSection
	GlobalSection(ProjectConfigurationPlatforms) = postSolution
		{86DB7DB6-3C16-493A-A2B4-ADBEDAD761AF}.Debug|Any CPU.ActiveCfg = Debug|Any CPU
		{86DB7DB6-3C16-493A-A2B4-ADBEDAD761AF}.Debug|Any CPU.Build.0 = Debug|Any CPU
		{86DB7DB6-3C16-493A-A2B4-ADBEDAD761AF}.Release|Any CPU.ActiveCfg = Release|Any CPU
		{86DB7DB6-3C16-493A-A2B4-ADBEDAD761AF}.Release|Any CPU.Build.0 = Release|Any CPU
	EndGlobalSection
	GlobalSection(SolutionProperties) = preSolution
		HideSolutionNode = FALSE
	EndGlobalSection
	GlobalSection(ExtensibilityGlobals) = postSolution
		SolutionGuid = {28F72CCD-B3B7-482C-88C9-0BF917091376}
	EndGlobalSection
EndGlobal
