
Microsoft Visual Studio Solution File, Format Version 12.00
# Visual Studio Version 16
VisualStudioVersion = 16.0.30611.23
MinimumVisualStudioVersion = 10.0.40219.1
Project("{FAE04EC0-301F-11D3-BF4B-00C04F79EFBC}") = "Nr pare si neg", "Nr pare si neg\Nr pare si neg.csproj", "{8EA42A41-B720-4483-AFE8-EEB74A948369}"
EndProject
Global
	GlobalSection(SolutionConfigurationPlatforms) = preSolution
		Debug|Any CPU = Debug|Any CPU
		Release|Any CPU = Release|Any CPU
	EndGlobalSection
	GlobalSection(ProjectConfigurationPlatforms) = postSolution
		{8EA42A41-B720-4483-AFE8-EEB74A948369}.Debug|Any CPU.ActiveCfg = Debug|Any CPU
		{8EA42A41-B720-4483-AFE8-EEB74A948369}.Debug|Any CPU.Build.0 = Debug|Any CPU
		{8EA42A41-B720-4483-AFE8-EEB74A948369}.Release|Any CPU.ActiveCfg = Release|Any CPU
		{8EA42A41-B720-4483-AFE8-EEB74A948369}.Release|Any CPU.Build.0 = Release|Any CPU
	EndGlobalSection
	GlobalSection(SolutionProperties) = preSolution
		HideSolutionNode = FALSE
	EndGlobalSection
	GlobalSection(ExtensibilityGlobals) = postSolution
		SolutionGuid = {23B20FC2-5C74-45B5-9765-FDDD3AFBA5D9}
	EndGlobalSection
EndGlobal
