
Microsoft Visual Studio Solution File, Format Version 12.00
# Visual Studio Version 16
VisualStudioVersion = 16.0.30611.23
MinimumVisualStudioVersion = 10.0.40219.1
Project("{FAE04EC0-301F-11D3-BF4B-00C04F79EFBC}") = "Secventa nr pare", "Secventa nr pare\Secventa nr pare.csproj", "{34BFBA24-B9B4-404B-9A68-BB025BF82627}"
EndProject
Global
	GlobalSection(SolutionConfigurationPlatforms) = preSolution
		Debug|Any CPU = Debug|Any CPU
		Release|Any CPU = Release|Any CPU
	EndGlobalSection
	GlobalSection(ProjectConfigurationPlatforms) = postSolution
		{34BFBA24-B9B4-404B-9A68-BB025BF82627}.Debug|Any CPU.ActiveCfg = Debug|Any CPU
		{34BFBA24-B9B4-404B-9A68-BB025BF82627}.Debug|Any CPU.Build.0 = Debug|Any CPU
		{34BFBA24-B9B4-404B-9A68-BB025BF82627}.Release|Any CPU.ActiveCfg = Release|Any CPU
		{34BFBA24-B9B4-404B-9A68-BB025BF82627}.Release|Any CPU.Build.0 = Release|Any CPU
	EndGlobalSection
	GlobalSection(SolutionProperties) = preSolution
		HideSolutionNode = FALSE
	EndGlobalSection
	GlobalSection(ExtensibilityGlobals) = postSolution
		SolutionGuid = {7C18EE0C-3314-427D-9299-755CB0D97740}
	EndGlobalSection
EndGlobal
